
Microsoft Visual Studio Solution File, Format Version 12.00
# Visual Studio Version 17
VisualStudioVersion = 17.5.33502.453
MinimumVisualStudioVersion = 10.0.40219.1
Project("{9A19103F-16F7-4668-BE54-9A1E7A4F7556}") = "RecurringBitcoinPurchaseInstructions", "RecurringBitcoinPurchaseInstructions.csproj", "{B1FD84DE-AB30-4794-B569-3383A159D2CB}"
EndProject
Global
	GlobalSection(SolutionConfigurationPlatforms) = preSolution
		Debug|Any CPU = Debug|Any CPU
		Release|Any CPU = Release|Any CPU
	EndGlobalSection
	GlobalSection(ProjectConfigurationPlatforms) = postSolution
		{B1FD84DE-AB30-4794-B569-3383A159D2CB}.Debug|Any CPU.ActiveCfg = Debug|Any CPU
		{B1FD84DE-AB30-4794-B569-3383A159D2CB}.Debug|Any CPU.Build.0 = Debug|Any CPU
		{B1FD84DE-AB30-4794-B569-3383A159D2CB}.Release|Any CPU.ActiveCfg = Release|Any CPU
		{B1FD84DE-AB30-4794-B569-3383A159D2CB}.Release|Any CPU.Build.0 = Release|Any CPU
	EndGlobalSection
	GlobalSection(SolutionProperties) = preSolution
		HideSolutionNode = FALSE
	EndGlobalSection
	GlobalSection(ExtensibilityGlobals) = postSolution
		SolutionGuid = {7BE1B4AB-6204-4E92-9CC1-5840409046B0}
	EndGlobalSection
EndGlobal
